
Microsoft Visual Studio Solution File, Format Version 12.00
# Visual Studio Version 17
VisualStudioVersion = 17.0.31903.59
MinimumVisualStudioVersion = 10.0.40219.1
Project("{FAE04EC0-301F-11D3-BF4B-00C04F79EFBC}") = "hwMay29.Web", "hwMay29.Web\hwMay29.Web.csproj", "{18F7004E-6FCF-4E41-83DC-F5DB6EEB0D9B}"
EndProject
Project("{FAE04EC0-301F-11D3-BF4B-00C04F79EFBC}") = "hwMay29.Data", "hwMay29.Data\hwMay29.Data.csproj", "{D7337BDE-347F-4852-9BED-CCA2B5CD2441}"
EndProject
Global
	GlobalSection(SolutionConfigurationPlatforms) = preSolution
		Debug|Any CPU = Debug|Any CPU
		Release|Any CPU = Release|Any CPU
	EndGlobalSection
	GlobalSection(SolutionProperties) = preSolution
		HideSolutionNode = FALSE
	EndGlobalSection
	GlobalSection(ProjectConfigurationPlatforms) = postSolution
		{18F7004E-6FCF-4E41-83DC-F5DB6EEB0D9B}.Debug|Any CPU.ActiveCfg = Debug|Any CPU
		{18F7004E-6FCF-4E41-83DC-F5DB6EEB0D9B}.Debug|Any CPU.Build.0 = Debug|Any CPU
		{18F7004E-6FCF-4E41-83DC-F5DB6EEB0D9B}.Release|Any CPU.ActiveCfg = Release|Any CPU
		{18F7004E-6FCF-4E41-83DC-F5DB6EEB0D9B}.Release|Any CPU.Build.0 = Release|Any CPU
		{D7337BDE-347F-4852-9BED-CCA2B5CD2441}.Debug|Any CPU.ActiveCfg = Debug|Any CPU
		{D7337BDE-347F-4852-9BED-CCA2B5CD2441}.Debug|Any CPU.Build.0 = Debug|Any CPU
		{D7337BDE-347F-4852-9BED-CCA2B5CD2441}.Release|Any CPU.ActiveCfg = Release|Any CPU
		{D7337BDE-347F-4852-9BED-CCA2B5CD2441}.Release|Any CPU.Build.0 = Release|Any CPU
	EndGlobalSection
EndGlobal
